
Microsoft Visual Studio Solution File, Format Version 10.00
# Visual Basic Express 2008
Project("{F184B08F-C81C-45F6-A57F-5ABD9991F28F}") = "StringTextBox", "StringTextBox.vbproj", "{85CE8387-220C-4103-B0BE-BB09CC4F23B5}"
EndProject
Global
	GlobalSection(SolutionConfigurationPlatforms) = preSolution
		Debug|Any CPU = Debug|Any CPU
		Release|Any CPU = Release|Any CPU
	EndGlobalSection
	GlobalSection(ProjectConfigurationPlatforms) = postSolution
		{85CE8387-220C-4103-B0BE-BB09CC4F23B5}.Debug|Any CPU.ActiveCfg = Debug|Any CPU
		{85CE8387-220C-4103-B0BE-BB09CC4F23B5}.Debug|Any CPU.Build.0 = Debug|Any CPU
		{85CE8387-220C-4103-B0BE-BB09CC4F23B5}.Release|Any CPU.ActiveCfg = Release|Any CPU
		{85CE8387-220C-4103-B0BE-BB09CC4F23B5}.Release|Any CPU.Build.0 = Release|Any CPU
	EndGlobalSection
	GlobalSection(SolutionProperties) = preSolution
		HideSolutionNode = FALSE
	EndGlobalSection
EndGlobal
